
Microsoft Visual Studio Solution File, Format Version 12.00
# Visual Studio Version 17
VisualStudioVersion = 17.9.34622.214
MinimumVisualStudioVersion = 10.0.40219.1
Project("{9A19103F-16F7-4668-BE54-9A1E7A4F7556}") = "TestMenu", "TestMenu\TestMenu.csproj", "{7FF2FB63-BC77-4407-9582-05DA1D6184D8}"
EndProject
Project("{9A19103F-16F7-4668-BE54-9A1E7A4F7556}") = "TestMenu.Desktop", "TestMenu.Desktop\TestMenu.Desktop.csproj", "{717A148D-E8B7-4D4A-A4CD-F6BFEE843DAB}"
EndProject
Global
	GlobalSection(SolutionConfigurationPlatforms) = preSolution
		Debug|Any CPU = Debug|Any CPU
		Release|Any CPU = Release|Any CPU
	EndGlobalSection
	GlobalSection(ProjectConfigurationPlatforms) = postSolution
		{7FF2FB63-BC77-4407-9582-05DA1D6184D8}.Debug|Any CPU.ActiveCfg = Debug|Any CPU
		{7FF2FB63-BC77-4407-9582-05DA1D6184D8}.Debug|Any CPU.Build.0 = Debug|Any CPU
		{7FF2FB63-BC77-4407-9582-05DA1D6184D8}.Release|Any CPU.ActiveCfg = Release|Any CPU
		{7FF2FB63-BC77-4407-9582-05DA1D6184D8}.Release|Any CPU.Build.0 = Release|Any CPU
		{717A148D-E8B7-4D4A-A4CD-F6BFEE843DAB}.Debug|Any CPU.ActiveCfg = Debug|Any CPU
		{717A148D-E8B7-4D4A-A4CD-F6BFEE843DAB}.Debug|Any CPU.Build.0 = Debug|Any CPU
		{717A148D-E8B7-4D4A-A4CD-F6BFEE843DAB}.Release|Any CPU.ActiveCfg = Release|Any CPU
		{717A148D-E8B7-4D4A-A4CD-F6BFEE843DAB}.Release|Any CPU.Build.0 = Release|Any CPU
	EndGlobalSection
	GlobalSection(SolutionProperties) = preSolution
		HideSolutionNode = FALSE
	EndGlobalSection
	GlobalSection(ExtensibilityGlobals) = postSolution
		SolutionGuid = {F5414294-B3CE-4A82-A584-5A7C1474D5F7}
	EndGlobalSection
EndGlobal
